
Microsoft Visual Studio Solution File, Format Version 9.00
# Visual C++ Express 2005
Project("{8BC9CEB8-8B4A-11D0-8D11-00A0C91BC942}") = "skeleton_vc2005", "skeleton_vc2005.vcproj", "{F4672D43-3230-4B19-A133-715665259564}"
	ProjectSection(ProjectDependencies) = postProject
		{DCAA3776-7691-48B0-B347-F9DFCE000BC0} = {DCAA3776-7691-48B0-B347-F9DFCE000BC0}
	EndProjectSection
EndProject
Project("{8BC9CEB8-8B4A-11D0-8D11-00A0C91BC942}") = "libtapulator", "..\..\libtapulator\libtapulator_vc2005.vcproj", "{DCAA3776-7691-48B0-B347-F9DFCE000BC0}"
EndProject
Global
	GlobalSection(SolutionConfigurationPlatforms) = preSolution
		Debug|Win32 = Debug|Win32
		Release|Win32 = Release|Win32
		Tapulator Debug|Win32 = Tapulator Debug|Win32
		Tapulator Release|Win32 = Tapulator Release|Win32
	EndGlobalSection
	GlobalSection(ProjectConfigurationPlatforms) = postSolution
		{F4672D43-3230-4B19-A133-715665259564}.Debug|Win32.ActiveCfg = Debug|Win32
		{F4672D43-3230-4B19-A133-715665259564}.Debug|Win32.Build.0 = Debug|Win32
		{F4672D43-3230-4B19-A133-715665259564}.Release|Win32.ActiveCfg = Release|Win32
		{F4672D43-3230-4B19-A133-715665259564}.Release|Win32.Build.0 = Release|Win32
		{F4672D43-3230-4B19-A133-715665259564}.Tapulator Debug|Win32.ActiveCfg = Tapulator Debug|Win32
		{F4672D43-3230-4B19-A133-715665259564}.Tapulator Debug|Win32.Build.0 = Tapulator Debug|Win32
		{F4672D43-3230-4B19-A133-715665259564}.Tapulator Release|Win32.ActiveCfg = Tapulator Release|Win32
		{F4672D43-3230-4B19-A133-715665259564}.Tapulator Release|Win32.Build.0 = Tapulator Release|Win32
		{DCAA3776-7691-48B0-B347-F9DFCE000BC0}.Debug|Win32.ActiveCfg = Debug|Win32
		{DCAA3776-7691-48B0-B347-F9DFCE000BC0}.Debug|Win32.Build.0 = Debug|Win32
		{DCAA3776-7691-48B0-B347-F9DFCE000BC0}.Release|Win32.ActiveCfg = Release|Win32
		{DCAA3776-7691-48B0-B347-F9DFCE000BC0}.Release|Win32.Build.0 = Release|Win32
		{DCAA3776-7691-48B0-B347-F9DFCE000BC0}.Tapulator Debug|Win32.ActiveCfg = Debug|Win32
		{DCAA3776-7691-48B0-B347-F9DFCE000BC0}.Tapulator Debug|Win32.Build.0 = Debug|Win32
		{DCAA3776-7691-48B0-B347-F9DFCE000BC0}.Tapulator Release|Win32.ActiveCfg = Release|Win32
		{DCAA3776-7691-48B0-B347-F9DFCE000BC0}.Tapulator Release|Win32.Build.0 = Release|Win32
	EndGlobalSection
	GlobalSection(SolutionProperties) = preSolution
		HideSolutionNode = FALSE
	EndGlobalSection
EndGlobal
