Microsoft Visual Studio Solution File, Format Version 8.00
Project("{FAE04EC0-301F-11D3-BF4B-00C04F79EFBC}") = "VirtualRemote", "VirtualRemote.csproj", "{156F9A0F-C89B-42D5-9636-0047FE0923CE}"
	ProjectSection(ProjectDependencies) = postProject
	EndProjectSection
EndProject
Project("{FAE04EC0-301F-11D3-BF4B-00C04F79EFBC}") = "DirectShowLib", "DirectShowLib\src\DirectShowLib.csproj", "{CE009BFA-5EF6-4153-B2A1-2FA79698A9AE}"
	ProjectSection(ProjectDependencies) = postProject
	EndProjectSection
EndProject
Project("{FAE04EC0-301F-11D3-BF4B-00C04F79EFBC}") = "SerialPort", "SerialPort\SerialPort.csproj", "{23899525-3670-4E2C-B1FF-7DA6DF1CDC58}"
	ProjectSection(ProjectDependencies) = postProject
	EndProjectSection
EndProject
Project("{8BC9CEB8-8B4A-11D0-8D11-00A0C91BC942}") = "VirtualRemoteTAP", "..\..\..\taps\VirtualRemote\VirtualRemoteTAP.vcproj", "{32E84CC1-3EF8-42D8-88B2-091F47DE8F15}"
	ProjectSection(ProjectDependencies) = postProject
	EndProjectSection
EndProject
Global
	GlobalSection(SolutionConfiguration) = preSolution
		Debug = Debug
		Release = Release
	EndGlobalSection
	GlobalSection(ProjectConfiguration) = postSolution
		{156F9A0F-C89B-42D5-9636-0047FE0923CE}.Debug.ActiveCfg = Debug|.NET
		{156F9A0F-C89B-42D5-9636-0047FE0923CE}.Debug.Build.0 = Debug|.NET
		{156F9A0F-C89B-42D5-9636-0047FE0923CE}.Release.ActiveCfg = Release|.NET
		{156F9A0F-C89B-42D5-9636-0047FE0923CE}.Release.Build.0 = Release|.NET
		{CE009BFA-5EF6-4153-B2A1-2FA79698A9AE}.Debug.ActiveCfg = Debug|.NET
		{CE009BFA-5EF6-4153-B2A1-2FA79698A9AE}.Debug.Build.0 = Debug|.NET
		{CE009BFA-5EF6-4153-B2A1-2FA79698A9AE}.Release.ActiveCfg = Release|.NET
		{CE009BFA-5EF6-4153-B2A1-2FA79698A9AE}.Release.Build.0 = Release|.NET
		{23899525-3670-4E2C-B1FF-7DA6DF1CDC58}.Debug.ActiveCfg = Debug|.NET
		{23899525-3670-4E2C-B1FF-7DA6DF1CDC58}.Debug.Build.0 = Debug|.NET
		{23899525-3670-4E2C-B1FF-7DA6DF1CDC58}.Release.ActiveCfg = Release|.NET
		{23899525-3670-4E2C-B1FF-7DA6DF1CDC58}.Release.Build.0 = Release|.NET
		{32E84CC1-3EF8-42D8-88B2-091F47DE8F15}.Debug.ActiveCfg = Debug|Win32
		{32E84CC1-3EF8-42D8-88B2-091F47DE8F15}.Debug.Build.0 = Debug|Win32
		{32E84CC1-3EF8-42D8-88B2-091F47DE8F15}.Release.ActiveCfg = Release|Win32
		{32E84CC1-3EF8-42D8-88B2-091F47DE8F15}.Release.Build.0 = Release|Win32
	EndGlobalSection
	GlobalSection(ExtensibilityGlobals) = postSolution
	EndGlobalSection
	GlobalSection(ExtensibilityAddIns) = postSolution
	EndGlobalSection
EndGlobal
